
Microsoft Visual Studio Solution File, Format Version 12.00
# Visual Studio Version 17
VisualStudioVersion = 17.1.32210.238
MinimumVisualStudioVersion = 10.0.40219.1
Project("{FAE04EC0-301F-11D3-BF4B-00C04F79EFBC}") = "futar", "futar\futar.csproj", "{3AA715B3-D46A-4E2D-9998-04F79E3FD88D}"
EndProject
Global
	GlobalSection(SolutionConfigurationPlatforms) = preSolution
		Debug|Any CPU = Debug|Any CPU
		Release|Any CPU = Release|Any CPU
	EndGlobalSection
	GlobalSection(ProjectConfigurationPlatforms) = postSolution
		{3AA715B3-D46A-4E2D-9998-04F79E3FD88D}.Debug|Any CPU.ActiveCfg = Debug|Any CPU
		{3AA715B3-D46A-4E2D-9998-04F79E3FD88D}.Debug|Any CPU.Build.0 = Debug|Any CPU
		{3AA715B3-D46A-4E2D-9998-04F79E3FD88D}.Release|Any CPU.ActiveCfg = Release|Any CPU
		{3AA715B3-D46A-4E2D-9998-04F79E3FD88D}.Release|Any CPU.Build.0 = Release|Any CPU
	EndGlobalSection
	GlobalSection(SolutionProperties) = preSolution
		HideSolutionNode = FALSE
	EndGlobalSection
	GlobalSection(ExtensibilityGlobals) = postSolution
		SolutionGuid = {D7CD9CDB-1645-4BDC-B3DD-B1F91B21089D}
	EndGlobalSection
EndGlobal
